
Microsoft Visual Studio Solution File, Format Version 12.00
# Visual Studio Version 17
VisualStudioVersion = 17.10.35027.167
MinimumVisualStudioVersion = 10.0.40219.1
Project("{FAE04EC0-301F-11D3-BF4B-00C04F79EFBC}") = "HelloGit", "HelloGit\HelloGit.csproj", "{C19A91C6-66BF-454B-80CB-D7AA335F1C39}"
EndProject
Global
	GlobalSection(SolutionConfigurationPlatforms) = preSolution
		Debug|Any CPU = Debug|Any CPU
		Release|Any CPU = Release|Any CPU
	EndGlobalSection
	GlobalSection(ProjectConfigurationPlatforms) = postSolution
		{C19A91C6-66BF-454B-80CB-D7AA335F1C39}.Debug|Any CPU.ActiveCfg = Debug|Any CPU
		{C19A91C6-66BF-454B-80CB-D7AA335F1C39}.Debug|Any CPU.Build.0 = Debug|Any CPU
		{C19A91C6-66BF-454B-80CB-D7AA335F1C39}.Release|Any CPU.ActiveCfg = Release|Any CPU
		{C19A91C6-66BF-454B-80CB-D7AA335F1C39}.Release|Any CPU.Build.0 = Release|Any CPU
	EndGlobalSection
	GlobalSection(SolutionProperties) = preSolution
		HideSolutionNode = FALSE
	EndGlobalSection
	GlobalSection(ExtensibilityGlobals) = postSolution
		SolutionGuid = {0703DA0E-C69D-44AC-A12B-EA6CC95F6AC6}
	EndGlobalSection
EndGlobal
